// !$*UTF8*$!
{
	archiveVersion = 1;
	classes = {
	};
	objectVersion = 46;
	objects = {

/* Begin PBXBuildFile section */
		B9014D301DD3097E0073029B /* AppDelegate.swift in Sources */ = {isa = PBXBuildFile; fileRef = B9014D2F1DD3097E0073029B /* AppDelegate.swift */; };
		B9014D321DD3097E0073029B /* ViewController.swift in Sources */ = {isa = PBXBuildFile; fileRef = B9014D311DD3097E0073029B /* ViewController.swift */; };
		B9014D351DD3097E0073029B /* Main.storyboard in Resources */ = {isa = PBXBuildFile; fileRef = B9014D331DD3097E0073029B /* Main.storyboard */; };
		B9014D371DD3097E0073029B /* Assets.xcassets in Resources */ = {isa = PBXBuildFile; fileRef = B9014D361DD3097E0073029B /* Assets.xcassets */; };
		B9014D3A1DD3097E0073029B /* LaunchScreen.storyboard in Resources */ = {isa = PBXBuildFile; fileRef = B9014D381DD3097E0073029B /* LaunchScreen.storyboard */; };
		B9014D431DD30A330073029B /* NALLabelsMatrix.swift in Sources */ = {isa = PBXBuildFile; fileRef = B9014D421DD30A330073029B /* NALLabelsMatrix.swift */; };
/* End PBXBuildFile section */

/* Begin PBXFileReference section */
		B9014D2C1DD3097E0073029B /* ios-labels-matrix-view-swift.app */ = {isa = PBXFileReference; explicitFileType = wrapper.application; includeInIndex = 0; path = "ios-labels-matrix-view-swift.app"; sourceTree = BUILT_PRODUCTS_DIR; };
		B9014D2F1DD3097E0073029B /* AppDelegate.swift */ = {isa = PBXFileReference; lastKnownFileType = sourcecode.swift; path = AppDelegate.swift; sourceTree = "<group>"; };
		B9014D311DD3097E0073029B /* ViewController.swift */ = {isa = PBXFileReference; lastKnownFileType = sourcecode.swift; path = ViewController.swift; sourceTree = "<group>"; };
		B9014D341DD3097E0073029B /* Base */ = {isa = PBXFileReference; lastKnownFileType = file.storyboard; name = Base; path = Base.lproj/Main.storyboard; sourceTree = "<group>"; };
		B9014D361DD3097E0073029B /* Assets.xcassets */ = {isa = PBXFileReference; lastKnownFileType = folder.assetcatalog; path = Assets.xcassets; sourceTree = "<group>"; };
		B9014D391DD3097E0073029B /* Base */ = {isa = PBXFileReference; lastKnownFileType = file.storyboard; name = Base; path = Base.lproj/LaunchScreen.storyboard; sourceTree = "<group>"; };
		B9014D3B1DD3097E0073029B /* Info.plist */ = {isa = PBXFileReference; lastKnownFileType = text.plist.xml; path = Info.plist; sourceTree = "<group>"; };
		B9014D421DD30A330073029B /* NALLabelsMatrix.swift */ = {isa = PBXFileReference; fileEncoding = 4; lastKnownFileType = sourcecode.swift; name = NALLabelsMatrix.swift; path = NALLabelsMatrix/NALLabelsMatrix.swift; sourceTree = "<group>"; };
/* End PBXFileReference section */

/* Begin PBXFrameworksBuildPhase section */
		B9014D291DD3097E0073029B /* Frameworks */ = {
			isa = PBXFrameworksBuildPhase;
			buildActionMask = 2147483647;
			files = (
			);
			runOnlyForDeploymentPostprocessing = 0;
		};
/* End PBXFrameworksBuildPhase section */

/* Begin PBXGroup section */
		B9014D231DD3097D0073029B = {
			isa = PBXGroup;
			children = (
				B9014D2E1DD3097E0073029B /* ios-labels-matrix-view-swift */,
				B9014D2D1DD3097E0073029B /* Products */,
			);
			sourceTree = "<group>";
		};
		B9014D2D1DD3097E0073029B /* Products */ = {
			isa = PBXGroup;
			children = (
				B9014D2C1DD3097E0073029B /* ios-labels-matrix-view-swift.app */,
			);
			name = Products;
			sourceTree = "<group>";
		};
		B9014D2E1DD3097E0073029B /* ios-labels-matrix-view-swift */ = {
			isa = PBXGroup;
			children = (
				B9014D411DD309C20073029B /* NALLabelsMatrix */,
				B9014D2F1DD3097E0073029B /* AppDelegate.swift */,
				B9014D311DD3097E0073029B /* ViewController.swift */,
				B9014D331DD3097E0073029B /* Main.storyboard */,
				B9014D361DD3097E0073029B /* Assets.xcassets */,
				B9014D381DD3097E0073029B /* LaunchScreen.storyboard */,
				B9014D3B1DD3097E0073029B /* Info.plist */,
			);
			path = "ios-labels-matrix-view-swift";
			sourceTree = "<group>";
		};
		B9014D411DD309C20073029B /* NALLabelsMatrix */ = {
			isa = PBXGroup;
			children = (
				B9014D421DD30A330073029B /* NALLabelsMatrix.swift */,
			);
			name = NALLabelsMatrix;
			sourceTree = "<group>";
		};
/* End PBXGroup section */

/* Begin PBXNativeTarget section */
		B9014D2B1DD3097E0073029B /* ios-labels-matrix-view-swift */ = {
			isa = PBXNativeTarget;
			buildConfigurationList = B9014D3E1DD3097E0073029B /* Build configuration list for PBXNativeTarget "ios-labels-matrix-view-swift" */;
			buildPhases = (
				B9014D281DD3097E0073029B /* Sources */,
				B9014D291DD3097E0073029B /* Frameworks */,
				B9014D2A1DD3097E0073029B /* Resources */,
			);
			buildRules = (
			);
			dependencies = (
			);
			name = "ios-labels-matrix-view-swift";
			productName = "ios-labels-matrix-view-swift";
			productReference = B9014D2C1DD3097E0073029B /* ios-labels-matrix-view-swift.app */;
			productType = "com.apple.product-type.application";
		};
/* End PBXNativeTarget section */

/* Begin PBXProject section */
		B9014D241DD3097D0073029B /* Project object */ = {
			isa = PBXProject;
			attributes = {
				LastSwiftUpdateCheck = 0810;
				LastUpgradeCheck = 0810;
				ORGANIZATIONNAME = NewAgeLingo;
				TargetAttributes = {
					B9014D2B1DD3097E0073029B = {
						CreatedOnToolsVersion = 8.1;
						ProvisioningStyle = Automatic;
					};
				};
			};
			buildConfigurationList = B9014D271DD3097D0073029B /* Build configuration list for PBXProject "ios-labels-matrix-view-swift" */;
			compatibilityVersion = "Xcode 3.2";
			developmentRegion = English;
			hasScannedForEncodings = 0;
			knownRegions = (
				en,
				Base,
			);
			mainGroup = B9014D231DD3097D0073029B;
			productRefGroup = B9014D2D1DD3097E0073029B /* Products */;
			projectDirPath = "";
			projectRoot = "";
			targets = (
				B9014D2B1DD3097E0073029B /* ios-labels-matrix-view-swift */,
			);
		};
/* End PBXProject section */

/* Begin PBXResourcesBuildPhase section */
		B9014D2A1DD3097E0073029B /* Resources */ = {
			isa = PBXResourcesBuildPhase;
			buildActionMask = 2147483647;
			files = (
				B9014D3A1DD3097E0073029B /* LaunchScreen.storyboard in Resources */,
				B9014D371DD3097E0073029B /* Assets.xcassets in Resources */,
				B9014D351DD3097E0073029B /* Main.storyboard in Resources */,
			);
			runOnlyForDeploymentPostprocessing = 0;
		};
/* End PBXResourcesBuildPhase section */

/* Begin PBXSourcesBuildPhase section */
		B9014D281DD3097E0073029B /* Sources */ = {
			isa = PBXSourcesBuildPhase;
			buildActionMask = 2147483647;
			files = (
				B9014D321DD3097E0073029B /* ViewController.swift in Sources */,
				B9014D301DD3097E0073029B /* AppDelegate.swift in Sources */,
				B9014D431DD30A330073029B /* NALLabelsMatrix.swift in Sources */,
			);
			runOnlyForDeploymentPostprocessing = 0;
		};
/* End PBXSourcesBuildPhase section */

/* Begin PBXVariantGroup section */
		B9014D331DD3097E0073029B /* Main.storyboard */ = {
			isa = PBXVariantGroup;
			children = (
				B9014D341DD3097E0073029B /* Base */,
			);
			name = Main.storyboard;
			sourceTree = "<group>";
		};
		B9014D381DD3097E0073029B /* LaunchScreen.storyboard */ = {
			isa = PBXVariantGroup;
			children = (
				B9014D391DD3097E0073029B /* Base */,
			);
			name = LaunchScreen.storyboard;
			sourceTree = "<group>";
		};
/* End PBXVariantGroup section */

/* Begin XCBuildConfiguration section */
		B9014D3C1DD3097E0073029B /* Debug */ = {
			isa = XCBuildConfiguration;
			buildSettings = {
				ALWAYS_SEARCH_USER_PATHS = NO;
				CLANG_ANALYZER_NONNULL = YES;
				CLANG_CXX_LANGUAGE_STANDARD = "gnu++0x";
				CLANG_CXX_LIBRARY = "libc++";
				CLANG_ENABLE_MODULES = YES;
				CLANG_ENABLE_OBJC_ARC = YES;
				CLANG_WARN_BOOL_CONVERSION = YES;
				CLANG_WARN_CONSTANT_CONVERSION = YES;
				CLANG_WARN_DIRECT_OBJC_ISA_USAGE = YES_ERROR;
				CLANG_WARN_DOCUMENTATION_COMMENTS = YES;
				CLANG_WARN_EMPTY_BODY = YES;
				CLANG_WARN_ENUM_CONVERSION = YES;
				CLANG_WARN_INFINITE_RECURSION = YES;
				CLANG_WARN_INT_CONVERSION = YES;
				CLANG_WARN_OBJC_ROOT_CLASS = YES_ERROR;
				CLANG_WARN_SUSPICIOUS_MOVES = YES;
				CLANG_WARN_UNREACHABLE_CODE = YES;
				CLANG_WARN__DUPLICATE_METHOD_MATCH = YES;
				"CODE_SIGN_IDENTITY[sdk=iphoneos*]" = "iPhone Developer";
				COPY_PHASE_STRIP = NO;
				DEBUG_INFORMATION_FORMAT = dwarf;
				ENABLE_STRICT_OBJC_MSGSEND = YES;
				ENABLE_TESTABILITY = YES;
				GCC_C_LANGUAGE_STANDARD = gnu99;
				GCC_DYNAMIC_NO_PIC = NO;
				GCC_NO_COMMON_BLOCKS = YES;
				GCC_OPTIMIZATION_LEVEL = 0;
				GCC_PREPROCESSOR_DEFINITIONS = (
					"DEBUG=1",
					"$(inherited)",
				);
				GCC_WARN_64_TO_32_BIT_CONVERSION = YES;
				GCC_WARN_ABOUT_RETURN_TYPE = YES_ERROR;
				GCC_WARN_UNDECLARED_SELECTOR = YES;
				GCC_WARN_UNINITIALIZED_AUTOS = YES_AGGRESSIVE;
				GCC_WARN_UNUSED_FUNCTION = YES;
				GCC_WARN_UNUSED_VARIABLE = YES;
				IPHONEOS_DEPLOYMENT_TARGET = 10.1;
				MTL_ENABLE_DEBUG_INFO = YES;
				ONLY_ACTIVE_ARCH = YES;
				SDKROOT = iphoneos;
				SWIFT_ACTIVE_COMPILATION_CONDITIONS = DEBUG;
				SWIFT_OPTIMIZATION_LEVEL = "-Onone";
				TARGETED_DEVICE_FAMILY = "1,2";
			};
			name = Debug;
		};
		B9014D3D1DD3097E0073029B /* Release */ = {
			isa = XCBuildConfiguration;
			buildSettings = {
				ALWAYS_SEARCH_USER_PATHS = NO;
				CLANG_ANALYZER_NONNULL = YES;
				CLANG_CXX_LANGUAGE_STANDARD = "gnu++0x";
				CLANG_CXX_LIBRARY = "libc++";
				CLANG_ENABLE_MODULES = YES;
				CLANG_ENABLE_OBJC_ARC = YES;
				CLANG_WARN_BOOL_CONVERSION = YES;
				CLANG_WARN_CONSTANT_CONVERSION = YES;
				CLANG_WARN_DIRECT_OBJC_ISA_USAGE = YES_ERROR;
				CLANG_WARN_DOCUMENTATION_COMMENTS = YES;
				CLANG_WARN_EMPTY_BODY = YES;
				CLANG_WARN_ENUM_CONVERSION = YES;
				CLANG_WARN_INFINITE_RECURSION = YES;
				CLANG_WARN_INT_CONVERSION = YES;
				CLANG_WARN_OBJC_ROOT_CLASS = YES_ERROR;
				CLANG_WARN_SUSPICIOUS_MOVES = YES;
				CLANG_WARN_UNREACHABLE_CODE = YES;
				CLANG_WARN__DUPLICATE_METHOD_MATCH = YES;
				"CODE_SIGN_IDENTITY[sdk=iphoneos*]" = "iPhone Developer";
				COPY_PHASE_STRIP = NO;
				DEBUG_INFORMATION_FORMAT = "dwarf-with-dsym";
				ENABLE_NS_ASSERTIONS = NO;
				ENABLE_STRICT_OBJC_MSGSEND = YES;
				GCC_C_LANGUAGE_STANDARD = gnu99;
				GCC_NO_COMMON_BLOCKS = YES;
				GCC_WARN_64_TO_32_BIT_CONVERSION = YES;
				GCC_WARN_ABOUT_RETURN_TYPE = YES_ERROR;
				GCC_WARN_UNDECLARED_SELECTOR = YES;
				GCC_WARN_UNINITIALIZED_AUTOS = YES_AGGRESSIVE;
				GCC_WARN_UNUSED_FUNCTION = YES;
				GCC_WARN_UNUSED_VARIABLE = YES;
				IPHONEOS_DEPLOYMENT_TARGET = 10.1;
				MTL_ENABLE_DEBUG_INFO = NO;
				SDKROOT = iphoneos;
				SWIFT_OPTIMIZATION_LEVEL = "-Owholemodule";
				TARGETED_DEVICE_FAMILY = "1,2";
				VALIDATE_PRODUCT = YES;
			};
			name = Release;
		};
		B9014D3F1DD3097E0073029B /* Debug */ = {
			isa = XCBuildConfiguration;
			buildSettings = {
				ASSETCATALOG_COMPILER_APPICON_NAME = AppIcon;
				INFOPLIST_FILE = "ios-labels-matrix-view-swift/Info.plist";
				LD_RUNPATH_SEARCH_PATHS = "$(inherited) @executable_path/Frameworks";
				PRODUCT_BUNDLE_IDENTIFIER = "com.newagelingo.ios-labels-matrix-view-swift";
				PRODUCT_NAME = "$(TARGET_NAME)";
				SWIFT_VERSION = 3.0;
			};
			name = Debug;
		};
		B9014D401DD3097E0073029B /* Release */ = {
			isa = XCBuildConfiguration;
			buildSettings = {
				ASSETCATALOG_COMPILER_APPICON_NAME = AppIcon;
				INFOPLIST_FILE = "ios-labels-matrix-view-swift/Info.plist";
				LD_RUNPATH_SEARCH_PATHS = "$(inherited) @executable_path/Frameworks";
				PRODUCT_BUNDLE_IDENTIFIER = "com.newagelingo.ios-labels-matrix-view-swift";
				PRODUCT_NAME = "$(TARGET_NAME)";
				SWIFT_VERSION = 3.0;
			};
			name = Release;
		};
/* End XCBuildConfiguration section */

/* Begin XCConfigurationList section */
		B9014D271DD3097D0073029B /* Build configuration list for PBXProject "ios-labels-matrix-view-swift" */ = {
			isa = XCConfigurationList;
			buildConfigurations = (
				B9014D3C1DD3097E0073029B /* Debug */,
				B9014D3D1DD3097E0073029B /* Release */,
			);
			defaultConfigurationIsVisible = 0;
			defaultConfigurationName = Release;
		};
		B9014D3E1DD3097E0073029B /* Build configuration list for PBXNativeTarget "ios-labels-matrix-view-swift" */ = {
			isa = XCConfigurationList;
			buildConfigurations = (
				B9014D3F1DD3097E0073029B /* Debug */,
				B9014D401DD3097E0073029B /* Release */,
			);
			defaultConfigurationIsVisible = 0;
		};
/* End XCConfigurationList section */
	};
	rootObject = B9014D241DD3097D0073029B /* Project object */;
}
